// !$*UTF8*$!
{
	archiveVersion = 1;
	classes = {
	};
	objectVersion = 50;
	objects = {

/* Begin PBXBuildFile section */
		B7511F4B23CC234F00EBB5AA /* Department.swift in Sources */ = {isa = PBXBuildFile; fileRef = B7511F4A23CC234F00EBB5AA /* Department.swift */; };
		B7511F4D23CC23B200EBB5AA /* ModelController.swift in Sources */ = {isa = PBXBuildFile; fileRef = B7511F4C23CC23B200EBB5AA /* ModelController.swift */; };
		B776D17E23C815EC00B0C360 /* AppDelegate.swift in Sources */ = {isa = PBXBuildFile; fileRef = B776D17D23C815EC00B0C360 /* AppDelegate.swift */; };
		B776D18023C815EC00B0C360 /* SceneDelegate.swift in Sources */ = {isa = PBXBuildFile; fileRef = B776D17F23C815EC00B0C360 /* SceneDelegate.swift */; };
		B776D18523C815EC00B0C360 /* Main.storyboard in Resources */ = {isa = PBXBuildFile; fileRef = B776D18323C815EC00B0C360 /* Main.storyboard */; };
		B776D18723C815EF00B0C360 /* Assets.xcassets in Resources */ = {isa = PBXBuildFile; fileRef = B776D18623C815EF00B0C360 /* Assets.xcassets */; };
		B776D18A23C815EF00B0C360 /* LaunchScreen.storyboard in Resources */ = {isa = PBXBuildFile; fileRef = B776D18823C815EF00B0C360 /* LaunchScreen.storyboard */; };
		B776D19423C8163E00B0C360 /* Restaurant.swift in Sources */ = {isa = PBXBuildFile; fileRef = B776D19323C8163E00B0C360 /* Restaurant.swift */; };
		B776D19B23C816AD00B0C360 /* VotedCollectionViewController.swift in Sources */ = {isa = PBXBuildFile; fileRef = B776D19A23C816AD00B0C360 /* VotedCollectionViewController.swift */; };
		B776D19D23C816C000B0C360 /* SuggestedCollectionViewController.swift in Sources */ = {isa = PBXBuildFile; fileRef = B776D19C23C816C000B0C360 /* SuggestedCollectionViewController.swift */; };
		B776D19F23C816DA00B0C360 /* GroupViewController.swift in Sources */ = {isa = PBXBuildFile; fileRef = B776D19E23C816DA00B0C360 /* GroupViewController.swift */; };
		B776D1A223C83DC100B0C360 /* RestaurantCollectionViewCell.swift in Sources */ = {isa = PBXBuildFile; fileRef = B776D1A123C83DC100B0C360 /* RestaurantCollectionViewCell.swift */; };
/* End PBXBuildFile section */

/* Begin PBXFileReference section */
		B7511F4A23CC234F00EBB5AA /* Department.swift */ = {isa = PBXFileReference; lastKnownFileType = sourcecode.swift; path = Department.swift; sourceTree = "<group>"; };
		B7511F4C23CC23B200EBB5AA /* ModelController.swift */ = {isa = PBXFileReference; lastKnownFileType = sourcecode.swift; path = ModelController.swift; sourceTree = "<group>"; };
		B776D17A23C815EC00B0C360 /* RestaurantVotingSystem.app */ = {isa = PBXFileReference; explicitFileType = wrapper.application; includeInIndex = 0; path = RestaurantVotingSystem.app; sourceTree = BUILT_PRODUCTS_DIR; };
		B776D17D23C815EC00B0C360 /* AppDelegate.swift */ = {isa = PBXFileReference; lastKnownFileType = sourcecode.swift; path = AppDelegate.swift; sourceTree = "<group>"; };
		B776D17F23C815EC00B0C360 /* SceneDelegate.swift */ = {isa = PBXFileReference; lastKnownFileType = sourcecode.swift; path = SceneDelegate.swift; sourceTree = "<group>"; };
		B776D18423C815EC00B0C360 /* Base */ = {isa = PBXFileReference; lastKnownFileType = file.storyboard; name = Base; path = Base.lproj/Main.storyboard; sourceTree = "<group>"; };
		B776D18623C815EF00B0C360 /* Assets.xcassets */ = {isa = PBXFileReference; lastKnownFileType = folder.assetcatalog; path = Assets.xcassets; sourceTree = "<group>"; };
		B776D18923C815EF00B0C360 /* Base */ = {isa = PBXFileReference; lastKnownFileType = file.storyboard; name = Base; path = Base.lproj/LaunchScreen.storyboard; sourceTree = "<group>"; };
		B776D18B23C815EF00B0C360 /* Info.plist */ = {isa = PBXFileReference; lastKnownFileType = text.plist.xml; path = Info.plist; sourceTree = "<group>"; };
		B776D19323C8163E00B0C360 /* Restaurant.swift */ = {isa = PBXFileReference; lastKnownFileType = sourcecode.swift; path = Restaurant.swift; sourceTree = "<group>"; };
		B776D19A23C816AD00B0C360 /* VotedCollectionViewController.swift */ = {isa = PBXFileReference; lastKnownFileType = sourcecode.swift; path = VotedCollectionViewController.swift; sourceTree = "<group>"; };
		B776D19C23C816C000B0C360 /* SuggestedCollectionViewController.swift */ = {isa = PBXFileReference; lastKnownFileType = sourcecode.swift; path = SuggestedCollectionViewController.swift; sourceTree = "<group>"; };
		B776D19E23C816DA00B0C360 /* GroupViewController.swift */ = {isa = PBXFileReference; lastKnownFileType = sourcecode.swift; path = GroupViewController.swift; sourceTree = "<group>"; };
		B776D1A123C83DC100B0C360 /* RestaurantCollectionViewCell.swift */ = {isa = PBXFileReference; lastKnownFileType = sourcecode.swift; path = RestaurantCollectionViewCell.swift; sourceTree = "<group>"; };
/* End PBXFileReference section */

/* Begin PBXFrameworksBuildPhase section */
		B776D17723C815EC00B0C360 /* Frameworks */ = {
			isa = PBXFrameworksBuildPhase;
			buildActionMask = 2147483647;
			files = (
			);
			runOnlyForDeploymentPostprocessing = 0;
		};
/* End PBXFrameworksBuildPhase section */

/* Begin PBXGroup section */
		B776D17123C815EC00B0C360 = {
			isa = PBXGroup;
			children = (
				B776D17C23C815EC00B0C360 /* RestaurantVotingSystem */,
				B776D17B23C815EC00B0C360 /* Products */,
			);
			sourceTree = "<group>";
		};
		B776D17B23C815EC00B0C360 /* Products */ = {
			isa = PBXGroup;
			children = (
				B776D17A23C815EC00B0C360 /* RestaurantVotingSystem.app */,
			);
			name = Products;
			sourceTree = "<group>";
		};
		B776D17C23C815EC00B0C360 /* RestaurantVotingSystem */ = {
			isa = PBXGroup;
			children = (
				B776D19123C8160400B0C360 /* Resources */,
				B776D19223C8162400B0C360 /* Storyboards */,
				B776D19523C8164300B0C360 /* Models */,
				B776D19623C8165900B0C360 /* Controllers */,
				B776D1A023C83D9500B0C360 /* Views */,
				B776D19723C8165F00B0C360 /* View Controllers */,
				B776D18B23C815EF00B0C360 /* Info.plist */,
			);
			path = RestaurantVotingSystem;
			sourceTree = "<group>";
		};
		B776D19123C8160400B0C360 /* Resources */ = {
			isa = PBXGroup;
			children = (
				B776D17D23C815EC00B0C360 /* AppDelegate.swift */,
				B776D17F23C815EC00B0C360 /* SceneDelegate.swift */,
				B776D18623C815EF00B0C360 /* Assets.xcassets */,
				B776D18823C815EF00B0C360 /* LaunchScreen.storyboard */,
			);
			path = Resources;
			sourceTree = "<group>";
		};
		B776D19223C8162400B0C360 /* Storyboards */ = {
			isa = PBXGroup;
			children = (
				B776D18323C815EC00B0C360 /* Main.storyboard */,
			);
			path = Storyboards;
			sourceTree = "<group>";
		};
		B776D19523C8164300B0C360 /* Models */ = {
			isa = PBXGroup;
			children = (
				B776D19323C8163E00B0C360 /* Restaurant.swift */,
				B7511F4A23CC234F00EBB5AA /* Department.swift */,
			);
			path = Models;
			sourceTree = "<group>";
		};
		B776D19623C8165900B0C360 /* Controllers */ = {
			isa = PBXGroup;
			children = (
				B7511F4C23CC23B200EBB5AA /* ModelController.swift */,
			);
			path = Controllers;
			sourceTree = "<group>";
		};
		B776D19723C8165F00B0C360 /* View Controllers */ = {
			isa = PBXGroup;
			children = (
				B776D19E23C816DA00B0C360 /* GroupViewController.swift */,
				B776D19A23C816AD00B0C360 /* VotedCollectionViewController.swift */,
				B776D19C23C816C000B0C360 /* SuggestedCollectionViewController.swift */,
			);
			path = "View Controllers";
			sourceTree = "<group>";
		};
		B776D1A023C83D9500B0C360 /* Views */ = {
			isa = PBXGroup;
			children = (
				B776D1A123C83DC100B0C360 /* RestaurantCollectionViewCell.swift */,
			);
			path = Views;
			sourceTree = "<group>";
		};
/* End PBXGroup section */

/* Begin PBXNativeTarget section */
		B776D17923C815EC00B0C360 /* RestaurantVotingSystem */ = {
			isa = PBXNativeTarget;
			buildConfigurationList = B776D18E23C815EF00B0C360 /* Build configuration list for PBXNativeTarget "RestaurantVotingSystem" */;
			buildPhases = (
				B776D17623C815EC00B0C360 /* Sources */,
				B776D17723C815EC00B0C360 /* Frameworks */,
				B776D17823C815EC00B0C360 /* Resources */,
			);
			buildRules = (
			);
			dependencies = (
			);
			name = RestaurantVotingSystem;
			productName = RestaurantVotingSystem;
			productReference = B776D17A23C815EC00B0C360 /* RestaurantVotingSystem.app */;
			productType = "com.apple.product-type.application";
		};
/* End PBXNativeTarget section */

/* Begin PBXProject section */
		B776D17223C815EC00B0C360 /* Project object */ = {
			isa = PBXProject;
			attributes = {
				LastSwiftUpdateCheck = 1130;
				LastUpgradeCheck = 1130;
				ORGANIZATIONNAME = "John Holowesko";
				TargetAttributes = {
					B776D17923C815EC00B0C360 = {
						CreatedOnToolsVersion = 11.3;
					};
				};
			};
			buildConfigurationList = B776D17523C815EC00B0C360 /* Build configuration list for PBXProject "RestaurantVotingSystem" */;
			compatibilityVersion = "Xcode 9.3";
			developmentRegion = en;
			hasScannedForEncodings = 0;
			knownRegions = (
				en,
				Base,
			);
			mainGroup = B776D17123C815EC00B0C360;
			productRefGroup = B776D17B23C815EC00B0C360 /* Products */;
			projectDirPath = "";
			projectRoot = "";
			targets = (
				B776D17923C815EC00B0C360 /* RestaurantVotingSystem */,
			);
		};
/* End PBXProject section */

/* Begin PBXResourcesBuildPhase section */
		B776D17823C815EC00B0C360 /* Resources */ = {
			isa = PBXResourcesBuildPhase;
			buildActionMask = 2147483647;
			files = (
				B776D18A23C815EF00B0C360 /* LaunchScreen.storyboard in Resources */,
				B776D18723C815EF00B0C360 /* Assets.xcassets in Resources */,
				B776D18523C815EC00B0C360 /* Main.storyboard in Resources */,
			);
			runOnlyForDeploymentPostprocessing = 0;
		};
/* End PBXResourcesBuildPhase section */

/* Begin PBXSourcesBuildPhase section */
		B776D17623C815EC00B0C360 /* Sources */ = {
			isa = PBXSourcesBuildPhase;
			buildActionMask = 2147483647;
			files = (
				B776D17E23C815EC00B0C360 /* AppDelegate.swift in Sources */,
				B776D1A223C83DC100B0C360 /* RestaurantCollectionViewCell.swift in Sources */,
				B7511F4B23CC234F00EBB5AA /* Department.swift in Sources */,
				B776D18023C815EC00B0C360 /* SceneDelegate.swift in Sources */,
				B7511F4D23CC23B200EBB5AA /* ModelController.swift in Sources */,
				B776D19D23C816C000B0C360 /* SuggestedCollectionViewController.swift in Sources */,
				B776D19423C8163E00B0C360 /* Restaurant.swift in Sources */,
				B776D19B23C816AD00B0C360 /* VotedCollectionViewController.swift in Sources */,
				B776D19F23C816DA00B0C360 /* GroupViewController.swift in Sources */,
			);
			runOnlyForDeploymentPostprocessing = 0;
		};
/* End PBXSourcesBuildPhase section */

/* Begin PBXVariantGroup section */
		B776D18323C815EC00B0C360 /* Main.storyboard */ = {
			isa = PBXVariantGroup;
			children = (
				B776D18423C815EC00B0C360 /* Base */,
			);
			name = Main.storyboard;
			sourceTree = "<group>";
		};
		B776D18823C815EF00B0C360 /* LaunchScreen.storyboard */ = {
			isa = PBXVariantGroup;
			children = (
				B776D18923C815EF00B0C360 /* Base */,
			);
			name = LaunchScreen.storyboard;
			sourceTree = "<group>";
		};
/* End PBXVariantGroup section */

/* Begin XCBuildConfiguration section */
		B776D18C23C815EF00B0C360 /* Debug */ = {
			isa = XCBuildConfiguration;
			buildSettings = {
				ALWAYS_SEARCH_USER_PATHS = NO;
				CLANG_ANALYZER_NONNULL = YES;
				CLANG_ANALYZER_NUMBER_OBJECT_CONVERSION = YES_AGGRESSIVE;
				CLANG_CXX_LANGUAGE_STANDARD = "gnu++14";
				CLANG_CXX_LIBRARY = "libc++";
				CLANG_ENABLE_MODULES = YES;
				CLANG_ENABLE_OBJC_ARC = YES;
				CLANG_ENABLE_OBJC_WEAK = YES;
				CLANG_WARN_BLOCK_CAPTURE_AUTORELEASING = YES;
				CLANG_WARN_BOOL_CONVERSION = YES;
				CLANG_WARN_COMMA = YES;
				CLANG_WARN_CONSTANT_CONVERSION = YES;
				CLANG_WARN_DEPRECATED_OBJC_IMPLEMENTATIONS = YES;
				CLANG_WARN_DIRECT_OBJC_ISA_USAGE = YES_ERROR;
				CLANG_WARN_DOCUMENTATION_COMMENTS = YES;
				CLANG_WARN_EMPTY_BODY = YES;
				CLANG_WARN_ENUM_CONVERSION = YES;
				CLANG_WARN_INFINITE_RECURSION = YES;
				CLANG_WARN_INT_CONVERSION = YES;
				CLANG_WARN_NON_LITERAL_NULL_CONVERSION = YES;
				CLANG_WARN_OBJC_IMPLICIT_RETAIN_SELF = YES;
				CLANG_WARN_OBJC_LITERAL_CONVERSION = YES;
				CLANG_WARN_OBJC_ROOT_CLASS = YES_ERROR;
				CLANG_WARN_RANGE_LOOP_ANALYSIS = YES;
				CLANG_WARN_STRICT_PROTOTYPES = YES;
				CLANG_WARN_SUSPICIOUS_MOVE = YES;
				CLANG_WARN_UNGUARDED_AVAILABILITY = YES_AGGRESSIVE;
				CLANG_WARN_UNREACHABLE_CODE = YES;
				CLANG_WARN__DUPLICATE_METHOD_MATCH = YES;
				COPY_PHASE_STRIP = NO;
				DEBUG_INFORMATION_FORMAT = dwarf;
				ENABLE_STRICT_OBJC_MSGSEND = YES;
				ENABLE_TESTABILITY = YES;
				GCC_C_LANGUAGE_STANDARD = gnu11;
				GCC_DYNAMIC_NO_PIC = NO;
				GCC_NO_COMMON_BLOCKS = YES;
				GCC_OPTIMIZATION_LEVEL = 0;
				GCC_PREPROCESSOR_DEFINITIONS = (
					"DEBUG=1",
					"$(inherited)",
				);
				GCC_WARN_64_TO_32_BIT_CONVERSION = YES;
				GCC_WARN_ABOUT_RETURN_TYPE = YES_ERROR;
				GCC_WARN_UNDECLARED_SELECTOR = YES;
				GCC_WARN_UNINITIALIZED_AUTOS = YES_AGGRESSIVE;
				GCC_WARN_UNUSED_FUNCTION = YES;
				GCC_WARN_UNUSED_VARIABLE = YES;
				IPHONEOS_DEPLOYMENT_TARGET = 13.2;
				MTL_ENABLE_DEBUG_INFO = INCLUDE_SOURCE;
				MTL_FAST_MATH = YES;
				ONLY_ACTIVE_ARCH = YES;
				SDKROOT = iphoneos;
				SWIFT_ACTIVE_COMPILATION_CONDITIONS = DEBUG;
				SWIFT_OPTIMIZATION_LEVEL = "-Onone";
			};
			name = Debug;
		};
		B776D18D23C815EF00B0C360 /* Release */ = {
			isa = XCBuildConfiguration;
			buildSettings = {
				ALWAYS_SEARCH_USER_PATHS = NO;
				CLANG_ANALYZER_NONNULL = YES;
				CLANG_ANALYZER_NUMBER_OBJECT_CONVERSION = YES_AGGRESSIVE;
				CLANG_CXX_LANGUAGE_STANDARD = "gnu++14";
				CLANG_CXX_LIBRARY = "libc++";
				CLANG_ENABLE_MODULES = YES;
				CLANG_ENABLE_OBJC_ARC = YES;
				CLANG_ENABLE_OBJC_WEAK = YES;
				CLANG_WARN_BLOCK_CAPTURE_AUTORELEASING = YES;
				CLANG_WARN_BOOL_CONVERSION = YES;
				CLANG_WARN_COMMA = YES;
				CLANG_WARN_CONSTANT_CONVERSION = YES;
				CLANG_WARN_DEPRECATED_OBJC_IMPLEMENTATIONS = YES;
				CLANG_WARN_DIRECT_OBJC_ISA_USAGE = YES_ERROR;
				CLANG_WARN_DOCUMENTATION_COMMENTS = YES;
				CLANG_WARN_EMPTY_BODY = YES;
				CLANG_WARN_ENUM_CONVERSION = YES;
				CLANG_WARN_INFINITE_RECURSION = YES;
				CLANG_WARN_INT_CONVERSION = YES;
				CLANG_WARN_NON_LITERAL_NULL_CONVERSION = YES;
				CLANG_WARN_OBJC_IMPLICIT_RETAIN_SELF = YES;
				CLANG_WARN_OBJC_LITERAL_CONVERSION = YES;
				CLANG_WARN_OBJC_ROOT_CLASS = YES_ERROR;
				CLANG_WARN_RANGE_LOOP_ANALYSIS = YES;
				CLANG_WARN_STRICT_PROTOTYPES = YES;
				CLANG_WARN_SUSPICIOUS_MOVE = YES;
				CLANG_WARN_UNGUARDED_AVAILABILITY = YES_AGGRESSIVE;
				CLANG_WARN_UNREACHABLE_CODE = YES;
				CLANG_WARN__DUPLICATE_METHOD_MATCH = YES;
				COPY_PHASE_STRIP = NO;
				DEBUG_INFORMATION_FORMAT = "dwarf-with-dsym";
				ENABLE_NS_ASSERTIONS = NO;
				ENABLE_STRICT_OBJC_MSGSEND = YES;
				GCC_C_LANGUAGE_STANDARD = gnu11;
				GCC_NO_COMMON_BLOCKS = YES;
				GCC_WARN_64_TO_32_BIT_CONVERSION = YES;
				GCC_WARN_ABOUT_RETURN_TYPE = YES_ERROR;
				GCC_WARN_UNDECLARED_SELECTOR = YES;
				GCC_WARN_UNINITIALIZED_AUTOS = YES_AGGRESSIVE;
				GCC_WARN_UNUSED_FUNCTION = YES;
				GCC_WARN_UNUSED_VARIABLE = YES;
				IPHONEOS_DEPLOYMENT_TARGET = 13.2;
				MTL_ENABLE_DEBUG_INFO = NO;
				MTL_FAST_MATH = YES;
				SDKROOT = iphoneos;
				SWIFT_COMPILATION_MODE = wholemodule;
				SWIFT_OPTIMIZATION_LEVEL = "-O";
				VALIDATE_PRODUCT = YES;
			};
			name = Release;
		};
		B776D18F23C815EF00B0C360 /* Debug */ = {
			isa = XCBuildConfiguration;
			buildSettings = {
				ASSETCATALOG_COMPILER_APPICON_NAME = AppIcon;
				CODE_SIGN_STYLE = Automatic;
				DEVELOPMENT_TEAM = 33LGSHT789;
				INFOPLIST_FILE = RestaurantVotingSystem/Info.plist;
				LD_RUNPATH_SEARCH_PATHS = (
					"$(inherited)",
					"@executable_path/Frameworks",
				);
				PRODUCT_BUNDLE_IDENTIFIER = com.johnholowesko.RestaurantVotingSystem;
				PRODUCT_NAME = "$(TARGET_NAME)";
				SWIFT_VERSION = 5.0;
				TARGETED_DEVICE_FAMILY = "1,2";
			};
			name = Debug;
		};
		B776D19023C815EF00B0C360 /* Release */ = {
			isa = XCBuildConfiguration;
			buildSettings = {
				ASSETCATALOG_COMPILER_APPICON_NAME = AppIcon;
				CODE_SIGN_STYLE = Automatic;
				DEVELOPMENT_TEAM = 33LGSHT789;
				INFOPLIST_FILE = RestaurantVotingSystem/Info.plist;
				LD_RUNPATH_SEARCH_PATHS = (
					"$(inherited)",
					"@executable_path/Frameworks",
				);
				PRODUCT_BUNDLE_IDENTIFIER = com.johnholowesko.RestaurantVotingSystem;
				PRODUCT_NAME = "$(TARGET_NAME)";
				SWIFT_VERSION = 5.0;
				TARGETED_DEVICE_FAMILY = "1,2";
			};
			name = Release;
		};
/* End XCBuildConfiguration section */

/* Begin XCConfigurationList section */
		B776D17523C815EC00B0C360 /* Build configuration list for PBXProject "RestaurantVotingSystem" */ = {
			isa = XCConfigurationList;
			buildConfigurations = (
				B776D18C23C815EF00B0C360 /* Debug */,
				B776D18D23C815EF00B0C360 /* Release */,
			);
			defaultConfigurationIsVisible = 0;
			defaultConfigurationName = Release;
		};
		B776D18E23C815EF00B0C360 /* Build configuration list for PBXNativeTarget "RestaurantVotingSystem" */ = {
			isa = XCConfigurationList;
			buildConfigurations = (
				B776D18F23C815EF00B0C360 /* Debug */,
				B776D19023C815EF00B0C360 /* Release */,
			);
			defaultConfigurationIsVisible = 0;
			defaultConfigurationName = Release;
		};
/* End XCConfigurationList section */
	};
	rootObject = B776D17223C815EC00B0C360 /* Project object */;
}
